// !$*UTF8*$!
{
	archiveVersion = 1;
	classes = {
	};
	objectVersion = 46;
	objects = {

/* Begin PBXBuildFile section */
		D18227E91F11BC9A000BB80D /* main.m in Sources */ = {isa = PBXBuildFile; fileRef = D18227E81F11BC9A000BB80D /* main.m */; };
		D18227EC1F11BC9A000BB80D /* AppDelegate.m in Sources */ = {isa = PBXBuildFile; fileRef = D18227EB1F11BC9A000BB80D /* AppDelegate.m */; };
		D18227EF1F11BC9A000BB80D /* ViewController.m in Sources */ = {isa = PBXBuildFile; fileRef = D18227EE1F11BC9A000BB80D /* ViewController.m */; };
		D18227F21F11BC9A000BB80D /* Main.storyboard in Resources */ = {isa = PBXBuildFile; fileRef = D18227F01F11BC9A000BB80D /* Main.storyboard */; };
		D18227F51F11BC9A000BB80D /* LO_CoreData.xcdatamodeld in Sources */ = {isa = PBXBuildFile; fileRef = D18227F31F11BC9A000BB80D /* LO_CoreData.xcdatamodeld */; };
		D18227F71F11BC9A000BB80D /* Assets.xcassets in Resources */ = {isa = PBXBuildFile; fileRef = D18227F61F11BC9A000BB80D /* Assets.xcassets */; };
		D18227FA1F11BC9A000BB80D /* LaunchScreen.storyboard in Resources */ = {isa = PBXBuildFile; fileRef = D18227F81F11BC9A000BB80D /* LaunchScreen.storyboard */; };
		D182284A1F1276B7000BB80D /* Model2.xcmappingmodel in Sources */ = {isa = PBXBuildFile; fileRef = D18228491F1276B7000BB80D /* Model2.xcmappingmodel */; };
		D182284F1F127759000BB80D /* Clothes+CoreDataClass.m in Sources */ = {isa = PBXBuildFile; fileRef = D182284C1F127759000BB80D /* Clothes+CoreDataClass.m */; };
		D18228501F127759000BB80D /* Clothes+CoreDataProperties.m in Sources */ = {isa = PBXBuildFile; fileRef = D182284E1F127759000BB80D /* Clothes+CoreDataProperties.m */; };
/* End PBXBuildFile section */

/* Begin PBXFileReference section */
		D18227E41F11BC9A000BB80D /* LO_CoreData.app */ = {isa = PBXFileReference; explicitFileType = wrapper.application; includeInIndex = 0; path = LO_CoreData.app; sourceTree = BUILT_PRODUCTS_DIR; };
		D18227E81F11BC9A000BB80D /* main.m */ = {isa = PBXFileReference; lastKnownFileType = sourcecode.c.objc; path = main.m; sourceTree = "<group>"; };
		D18227EA1F11BC9A000BB80D /* AppDelegate.h */ = {isa = PBXFileReference; lastKnownFileType = sourcecode.c.h; path = AppDelegate.h; sourceTree = "<group>"; };
		D18227EB1F11BC9A000BB80D /* AppDelegate.m */ = {isa = PBXFileReference; lastKnownFileType = sourcecode.c.objc; path = AppDelegate.m; sourceTree = "<group>"; };
		D18227ED1F11BC9A000BB80D /* ViewController.h */ = {isa = PBXFileReference; lastKnownFileType = sourcecode.c.h; path = ViewController.h; sourceTree = "<group>"; };
		D18227EE1F11BC9A000BB80D /* ViewController.m */ = {isa = PBXFileReference; lastKnownFileType = sourcecode.c.objc; path = ViewController.m; sourceTree = "<group>"; };
		D18227F11F11BC9A000BB80D /* Base */ = {isa = PBXFileReference; lastKnownFileType = file.storyboard; name = Base; path = Base.lproj/Main.storyboard; sourceTree = "<group>"; };
		D18227F41F11BC9A000BB80D /* LO_CoreData.xcdatamodel */ = {isa = PBXFileReference; lastKnownFileType = wrapper.xcdatamodel; path = LO_CoreData.xcdatamodel; sourceTree = "<group>"; };
		D18227F61F11BC9A000BB80D /* Assets.xcassets */ = {isa = PBXFileReference; lastKnownFileType = folder.assetcatalog; path = Assets.xcassets; sourceTree = "<group>"; };
		D18227F91F11BC9A000BB80D /* Base */ = {isa = PBXFileReference; lastKnownFileType = file.storyboard; name = Base; path = Base.lproj/LaunchScreen.storyboard; sourceTree = "<group>"; };
		D18227FB1F11BC9A000BB80D /* Info.plist */ = {isa = PBXFileReference; lastKnownFileType = text.plist.xml; path = Info.plist; sourceTree = "<group>"; };
		D18228481F1274E4000BB80D /* LO_CoreData 2.xcdatamodel */ = {isa = PBXFileReference; lastKnownFileType = wrapper.xcdatamodel; path = "LO_CoreData 2.xcdatamodel"; sourceTree = "<group>"; };
		D18228491F1276B7000BB80D /* Model2.xcmappingmodel */ = {isa = PBXFileReference; lastKnownFileType = wrapper.xcmappingmodel; path = Model2.xcmappingmodel; sourceTree = "<group>"; };
		D182284B1F127758000BB80D /* Clothes+CoreDataClass.h */ = {isa = PBXFileReference; fileEncoding = 4; lastKnownFileType = sourcecode.c.h; path = "Clothes+CoreDataClass.h"; sourceTree = "<group>"; };
		D182284C1F127759000BB80D /* Clothes+CoreDataClass.m */ = {isa = PBXFileReference; fileEncoding = 4; lastKnownFileType = sourcecode.c.objc; path = "Clothes+CoreDataClass.m"; sourceTree = "<group>"; };
		D182284D1F127759000BB80D /* Clothes+CoreDataProperties.h */ = {isa = PBXFileReference; fileEncoding = 4; lastKnownFileType = sourcecode.c.h; path = "Clothes+CoreDataProperties.h"; sourceTree = "<group>"; };
		D182284E1F127759000BB80D /* Clothes+CoreDataProperties.m */ = {isa = PBXFileReference; fileEncoding = 4; lastKnownFileType = sourcecode.c.objc; path = "Clothes+CoreDataProperties.m"; sourceTree = "<group>"; };
/* End PBXFileReference section */

/* Begin PBXFrameworksBuildPhase section */
		D18227E11F11BC9A000BB80D /* Frameworks */ = {
			isa = PBXFrameworksBuildPhase;
			buildActionMask = 2147483647;
			files = (
			);
			runOnlyForDeploymentPostprocessing = 0;
		};
/* End PBXFrameworksBuildPhase section */

/* Begin PBXGroup section */
		D18227DB1F11BC9A000BB80D = {
			isa = PBXGroup;
			children = (
				D18227E61F11BC9A000BB80D /* LO_CoreData */,
				D18227E51F11BC9A000BB80D /* Products */,
			);
			sourceTree = "<group>";
		};
		D18227E51F11BC9A000BB80D /* Products */ = {
			isa = PBXGroup;
			children = (
				D18227E41F11BC9A000BB80D /* LO_CoreData.app */,
			);
			name = Products;
			sourceTree = "<group>";
		};
		D18227E61F11BC9A000BB80D /* LO_CoreData */ = {
			isa = PBXGroup;
			children = (
				D182284B1F127758000BB80D /* Clothes+CoreDataClass.h */,
				D182284C1F127759000BB80D /* Clothes+CoreDataClass.m */,
				D182284D1F127759000BB80D /* Clothes+CoreDataProperties.h */,
				D182284E1F127759000BB80D /* Clothes+CoreDataProperties.m */,
				D18227EA1F11BC9A000BB80D /* AppDelegate.h */,
				D18227EB1F11BC9A000BB80D /* AppDelegate.m */,
				D18227ED1F11BC9A000BB80D /* ViewController.h */,
				D18227EE1F11BC9A000BB80D /* ViewController.m */,
				D18227F01F11BC9A000BB80D /* Main.storyboard */,
				D18227F61F11BC9A000BB80D /* Assets.xcassets */,
				D18227F81F11BC9A000BB80D /* LaunchScreen.storyboard */,
				D18227FB1F11BC9A000BB80D /* Info.plist */,
				D18228491F1276B7000BB80D /* Model2.xcmappingmodel */,
				D18227F31F11BC9A000BB80D /* LO_CoreData.xcdatamodeld */,
				D18227E71F11BC9A000BB80D /* Supporting Files */,
			);
			path = LO_CoreData;
			sourceTree = "<group>";
		};
		D18227E71F11BC9A000BB80D /* Supporting Files */ = {
			isa = PBXGroup;
			children = (
				D18227E81F11BC9A000BB80D /* main.m */,
			);
			name = "Supporting Files";
			sourceTree = "<group>";
		};
/* End PBXGroup section */

/* Begin PBXNativeTarget section */
		D18227E31F11BC9A000BB80D /* LO_CoreData */ = {
			isa = PBXNativeTarget;
			buildConfigurationList = D18227FE1F11BC9A000BB80D /* Build configuration list for PBXNativeTarget "LO_CoreData" */;
			buildPhases = (
				D18227E01F11BC9A000BB80D /* Sources */,
				D18227E11F11BC9A000BB80D /* Frameworks */,
				D18227E21F11BC9A000BB80D /* Resources */,
			);
			buildRules = (
			);
			dependencies = (
			);
			name = LO_CoreData;
			productName = LO_CoreData;
			productReference = D18227E41F11BC9A000BB80D /* LO_CoreData.app */;
			productType = "com.apple.product-type.application";
		};
/* End PBXNativeTarget section */

/* Begin PBXProject section */
		D18227DC1F11BC9A000BB80D /* Project object */ = {
			isa = PBXProject;
			attributes = {
				LastUpgradeCheck = 0830;
				ORGANIZATIONNAME = weiguang;
				TargetAttributes = {
					D18227E31F11BC9A000BB80D = {
						CreatedOnToolsVersion = 8.3.2;
						ProvisioningStyle = Automatic;
					};
				};
			};
			buildConfigurationList = D18227DF1F11BC9A000BB80D /* Build configuration list for PBXProject "LO_CoreData" */;
			compatibilityVersion = "Xcode 3.2";
			developmentRegion = English;
			hasScannedForEncodings = 0;
			knownRegions = (
				en,
				Base,
			);
			mainGroup = D18227DB1F11BC9A000BB80D;
			productRefGroup = D18227E51F11BC9A000BB80D /* Products */;
			projectDirPath = "";
			projectRoot = "";
			targets = (
				D18227E31F11BC9A000BB80D /* LO_CoreData */,
			);
		};
/* End PBXProject section */

/* Begin PBXResourcesBuildPhase section */
		D18227E21F11BC9A000BB80D /* Resources */ = {
			isa = PBXResourcesBuildPhase;
			buildActionMask = 2147483647;
			files = (
				D18227FA1F11BC9A000BB80D /* LaunchScreen.storyboard in Resources */,
				D18227F71F11BC9A000BB80D /* Assets.xcassets in Resources */,
				D18227F21F11BC9A000BB80D /* Main.storyboard in Resources */,
			);
			runOnlyForDeploymentPostprocessing = 0;
		};
/* End PBXResourcesBuildPhase section */

/* Begin PBXSourcesBuildPhase section */
		D18227E01F11BC9A000BB80D /* Sources */ = {
			isa = PBXSourcesBuildPhase;
			buildActionMask = 2147483647;
			files = (
				D18228501F127759000BB80D /* Clothes+CoreDataProperties.m in Sources */,
				D18227EF1F11BC9A000BB80D /* ViewController.m in Sources */,
				D18227F51F11BC9A000BB80D /* LO_CoreData.xcdatamodeld in Sources */,
				D182284F1F127759000BB80D /* Clothes+CoreDataClass.m in Sources */,
				D18227EC1F11BC9A000BB80D /* AppDelegate.m in Sources */,
				D182284A1F1276B7000BB80D /* Model2.xcmappingmodel in Sources */,
				D18227E91F11BC9A000BB80D /* main.m in Sources */,
			);
			runOnlyForDeploymentPostprocessing = 0;
		};
/* End PBXSourcesBuildPhase section */

/* Begin PBXVariantGroup section */
		D18227F01F11BC9A000BB80D /* Main.storyboard */ = {
			isa = PBXVariantGroup;
			children = (
				D18227F11F11BC9A000BB80D /* Base */,
			);
			name = Main.storyboard;
			sourceTree = "<group>";
		};
		D18227F81F11BC9A000BB80D /* LaunchScreen.storyboard */ = {
			isa = PBXVariantGroup;
			children = (
				D18227F91F11BC9A000BB80D /* Base */,
			);
			name = LaunchScreen.storyboard;
			sourceTree = "<group>";
		};
/* End PBXVariantGroup section */

/* Begin XCBuildConfiguration section */
		D18227FC1F11BC9A000BB80D /* Debug */ = {
			isa = XCBuildConfiguration;
			buildSettings = {
				ALWAYS_SEARCH_USER_PATHS = NO;
				CLANG_ANALYZER_NONNULL = YES;
				CLANG_ANALYZER_NUMBER_OBJECT_CONVERSION = YES_AGGRESSIVE;
				CLANG_CXX_LANGUAGE_STANDARD = "gnu++0x";
				CLANG_CXX_LIBRARY = "libc++";
				CLANG_ENABLE_MODULES = YES;
				CLANG_ENABLE_OBJC_ARC = YES;
				CLANG_WARN_BOOL_CONVERSION = YES;
				CLANG_WARN_CONSTANT_CONVERSION = YES;
				CLANG_WARN_DIRECT_OBJC_ISA_USAGE = YES_ERROR;
				CLANG_WARN_DOCUMENTATION_COMMENTS = YES;
				CLANG_WARN_EMPTY_BODY = YES;
				CLANG_WARN_ENUM_CONVERSION = YES;
				CLANG_WARN_INFINITE_RECURSION = YES;
				CLANG_WARN_INT_CONVERSION = YES;
				CLANG_WARN_OBJC_ROOT_CLASS = YES_ERROR;
				CLANG_WARN_SUSPICIOUS_MOVE = YES;
				CLANG_WARN_UNREACHABLE_CODE = YES;
				CLANG_WARN__DUPLICATE_METHOD_MATCH = YES;
				"CODE_SIGN_IDENTITY[sdk=iphoneos*]" = "iPhone Developer";
				COPY_PHASE_STRIP = NO;
				DEBUG_INFORMATION_FORMAT = dwarf;
				ENABLE_STRICT_OBJC_MSGSEND = YES;
				ENABLE_TESTABILITY = YES;
				GCC_C_LANGUAGE_STANDARD = gnu99;
				GCC_DYNAMIC_NO_PIC = NO;
				GCC_NO_COMMON_BLOCKS = YES;
				GCC_OPTIMIZATION_LEVEL = 0;
				GCC_PREPROCESSOR_DEFINITIONS = (
					"DEBUG=1",
					"$(inherited)",
				);
				GCC_WARN_64_TO_32_BIT_CONVERSION = YES;
				GCC_WARN_ABOUT_RETURN_TYPE = YES_ERROR;
				GCC_WARN_UNDECLARED_SELECTOR = YES;
				GCC_WARN_UNINITIALIZED_AUTOS = YES_AGGRESSIVE;
				GCC_WARN_UNUSED_FUNCTION = YES;
				GCC_WARN_UNUSED_VARIABLE = YES;
				IPHONEOS_DEPLOYMENT_TARGET = 10.3;
				MTL_ENABLE_DEBUG_INFO = YES;
				ONLY_ACTIVE_ARCH = YES;
				SDKROOT = iphoneos;
			};
			name = Debug;
		};
		D18227FD1F11BC9A000BB80D /* Release */ = {
			isa = XCBuildConfiguration;
			buildSettings = {
				ALWAYS_SEARCH_USER_PATHS = NO;
				CLANG_ANALYZER_NONNULL = YES;
				CLANG_ANALYZER_NUMBER_OBJECT_CONVERSION = YES_AGGRESSIVE;
				CLANG_CXX_LANGUAGE_STANDARD = "gnu++0x";
				CLANG_CXX_LIBRARY = "libc++";
				CLANG_ENABLE_MODULES = YES;
				CLANG_ENABLE_OBJC_ARC = YES;
				CLANG_WARN_BOOL_CONVERSION = YES;
				CLANG_WARN_CONSTANT_CONVERSION = YES;
				CLANG_WARN_DIRECT_OBJC_ISA_USAGE = YES_ERROR;
				CLANG_WARN_DOCUMENTATION_COMMENTS = YES;
				CLANG_WARN_EMPTY_BODY = YES;
				CLANG_WARN_ENUM_CONVERSION = YES;
				CLANG_WARN_INFINITE_RECURSION = YES;
				CLANG_WARN_INT_CONVERSION = YES;
				CLANG_WARN_OBJC_ROOT_CLASS = YES_ERROR;
				CLANG_WARN_SUSPICIOUS_MOVE = YES;
				CLANG_WARN_UNREACHABLE_CODE = YES;
				CLANG_WARN__DUPLICATE_METHOD_MATCH = YES;
				"CODE_SIGN_IDENTITY[sdk=iphoneos*]" = "iPhone Developer";
				COPY_PHASE_STRIP = NO;
				DEBUG_INFORMATION_FORMAT = "dwarf-with-dsym";
				ENABLE_NS_ASSERTIONS = NO;
				ENABLE_STRICT_OBJC_MSGSEND = YES;
				GCC_C_LANGUAGE_STANDARD = gnu99;
				GCC_NO_COMMON_BLOCKS = YES;
				GCC_WARN_64_TO_32_BIT_CONVERSION = YES;
				GCC_WARN_ABOUT_RETURN_TYPE = YES_ERROR;
				GCC_WARN_UNDECLARED_SELECTOR = YES;
				GCC_WARN_UNINITIALIZED_AUTOS = YES_AGGRESSIVE;
				GCC_WARN_UNUSED_FUNCTION = YES;
				GCC_WARN_UNUSED_VARIABLE = YES;
				IPHONEOS_DEPLOYMENT_TARGET = 10.3;
				MTL_ENABLE_DEBUG_INFO = NO;
				SDKROOT = iphoneos;
				VALIDATE_PRODUCT = YES;
			};
			name = Release;
		};
		D18227FF1F11BC9A000BB80D /* Debug */ = {
			isa = XCBuildConfiguration;
			buildSettings = {
				ASSETCATALOG_COMPILER_APPICON_NAME = AppIcon;
				INFOPLIST_FILE = LO_CoreData/Info.plist;
				IPHONEOS_DEPLOYMENT_TARGET = 10.0;
				LD_RUNPATH_SEARCH_PATHS = "$(inherited) @executable_path/Frameworks";
				PRODUCT_BUNDLE_IDENTIFIER = "changhong.LO-CoreData";
				PRODUCT_NAME = "$(TARGET_NAME)";
			};
			name = Debug;
		};
		D18228001F11BC9A000BB80D /* Release */ = {
			isa = XCBuildConfiguration;
			buildSettings = {
				ASSETCATALOG_COMPILER_APPICON_NAME = AppIcon;
				INFOPLIST_FILE = LO_CoreData/Info.plist;
				IPHONEOS_DEPLOYMENT_TARGET = 10.0;
				LD_RUNPATH_SEARCH_PATHS = "$(inherited) @executable_path/Frameworks";
				PRODUCT_BUNDLE_IDENTIFIER = "changhong.LO-CoreData";
				PRODUCT_NAME = "$(TARGET_NAME)";
			};
			name = Release;
		};
/* End XCBuildConfiguration section */

/* Begin XCConfigurationList section */
		D18227DF1F11BC9A000BB80D /* Build configuration list for PBXProject "LO_CoreData" */ = {
			isa = XCConfigurationList;
			buildConfigurations = (
				D18227FC1F11BC9A000BB80D /* Debug */,
				D18227FD1F11BC9A000BB80D /* Release */,
			);
			defaultConfigurationIsVisible = 0;
			defaultConfigurationName = Release;
		};
		D18227FE1F11BC9A000BB80D /* Build configuration list for PBXNativeTarget "LO_CoreData" */ = {
			isa = XCConfigurationList;
			buildConfigurations = (
				D18227FF1F11BC9A000BB80D /* Debug */,
				D18228001F11BC9A000BB80D /* Release */,
			);
			defaultConfigurationIsVisible = 0;
		};
/* End XCConfigurationList section */

/* Begin XCVersionGroup section */
		D18227F31F11BC9A000BB80D /* LO_CoreData.xcdatamodeld */ = {
			isa = XCVersionGroup;
			children = (
				D18228481F1274E4000BB80D /* LO_CoreData 2.xcdatamodel */,
				D18227F41F11BC9A000BB80D /* LO_CoreData.xcdatamodel */,
			);
			currentVersion = D18228481F1274E4000BB80D /* LO_CoreData 2.xcdatamodel */;
			path = LO_CoreData.xcdatamodeld;
			sourceTree = "<group>";
			versionGroupType = wrapper.xcdatamodel;
		};
/* End XCVersionGroup section */
	};
	rootObject = D18227DC1F11BC9A000BB80D /* Project object */;
}
